
Microsoft Visual Studio Solution File, Format Version 12.00
# Visual Studio Version 17
VisualStudioVersion = 17.4.33213.308
MinimumVisualStudioVersion = 10.0.40219.1
Project("{FAE04EC0-301F-11D3-BF4B-00C04F79EFBC}") = "DefectReporter.Server", "DefectReporter.Server\DefectReporter.Server.csproj", "{CD4086E4-DB8D-4611-AE38-FD5CF79CFC4C}"
EndProject
Project("{FAE04EC0-301F-11D3-BF4B-00C04F79EFBC}") = "DefectReporter.Shared", "DefectReporter.Shared\DefectReporter.Shared.csproj", "{C9ABC56A-2CF4-424B-B36B-5568CA1EB3FB}"
EndProject
Global
	GlobalSection(SolutionConfigurationPlatforms) = preSolution
		Debug|Any CPU = Debug|Any CPU
		Release|Any CPU = Release|Any CPU
	EndGlobalSection
	GlobalSection(ProjectConfigurationPlatforms) = postSolution
		{CD4086E4-DB8D-4611-AE38-FD5CF79CFC4C}.Debug|Any CPU.ActiveCfg = Debug|Any CPU
		{CD4086E4-DB8D-4611-AE38-FD5CF79CFC4C}.Debug|Any CPU.Build.0 = Debug|Any CPU
		{CD4086E4-DB8D-4611-AE38-FD5CF79CFC4C}.Release|Any CPU.ActiveCfg = Release|Any CPU
		{CD4086E4-DB8D-4611-AE38-FD5CF79CFC4C}.Release|Any CPU.Build.0 = Release|Any CPU
		{C9ABC56A-2CF4-424B-B36B-5568CA1EB3FB}.Debug|Any CPU.ActiveCfg = Debug|Any CPU
		{C9ABC56A-2CF4-424B-B36B-5568CA1EB3FB}.Debug|Any CPU.Build.0 = Debug|Any CPU
		{C9ABC56A-2CF4-424B-B36B-5568CA1EB3FB}.Release|Any CPU.ActiveCfg = Release|Any CPU
		{C9ABC56A-2CF4-424B-B36B-5568CA1EB3FB}.Release|Any CPU.Build.0 = Release|Any CPU
	EndGlobalSection
	GlobalSection(SolutionProperties) = preSolution
		HideSolutionNode = FALSE
	EndGlobalSection
	GlobalSection(ExtensibilityGlobals) = postSolution
		SolutionGuid = {D70F7609-FE13-49D4-B962-F8B79BBFC79B}
	EndGlobalSection
EndGlobal
